// !$*UTF8*$!
{
	archiveVersion = 1;
	classes = {
	};
	objectVersion = 46;
	objects = {

/* Begin PBXBuildFile section */
		410B1F511A858B7F00F3FAD5 /* Lion.swift in Sources */ = {isa = PBXBuildFile; fileRef = 410B1F501A858B7F00F3FAD5 /* Lion.swift */; };
		410B1F531A859D4400F3FAD5 /* LionCup.swift in Sources */ = {isa = PBXBuildFile; fileRef = 410B1F521A859D4400F3FAD5 /* LionCup.swift */; };
		416E0F4C1A8324C00024271B /* AppDelegate.swift in Sources */ = {isa = PBXBuildFile; fileRef = 416E0F4B1A8324C00024271B /* AppDelegate.swift */; };
		416E0F4E1A8324C00024271B /* ViewController.swift in Sources */ = {isa = PBXBuildFile; fileRef = 416E0F4D1A8324C00024271B /* ViewController.swift */; };
		416E0F511A8324C00024271B /* Main.storyboard in Resources */ = {isa = PBXBuildFile; fileRef = 416E0F4F1A8324C00024271B /* Main.storyboard */; };
		416E0F531A8324C00024271B /* Images.xcassets in Resources */ = {isa = PBXBuildFile; fileRef = 416E0F521A8324C00024271B /* Images.xcassets */; };
		416E0F561A8324C00024271B /* LaunchScreen.xib in Resources */ = {isa = PBXBuildFile; fileRef = 416E0F541A8324C00024271B /* LaunchScreen.xib */; };
		416E0F621A8324C00024271B /* LionsAndTigersTests.swift in Sources */ = {isa = PBXBuildFile; fileRef = 416E0F611A8324C00024271B /* LionsAndTigersTests.swift */; };
		416E0F6C1A8328C70024271B /* Tiger.swift in Sources */ = {isa = PBXBuildFile; fileRef = 416E0F6B1A8328C70024271B /* Tiger.swift */; };
		416E0F761A832CE00024271B /* bengalTiger.jpg in Resources */ = {isa = PBXBuildFile; fileRef = 416E0F6E1A832CE00024271B /* bengalTiger.jpg */; };
		416E0F771A832CE00024271B /* indochineseTiger.jpg in Resources */ = {isa = PBXBuildFile; fileRef = 416E0F6F1A832CE00024271B /* indochineseTiger.jpg */; };
		416E0F781A832CE00024271B /* Lion.jpg in Resources */ = {isa = PBXBuildFile; fileRef = 416E0F701A832CE00024271B /* Lion.jpg */; };
		416E0F791A832CE00024271B /* Lioncup1.jpg in Resources */ = {isa = PBXBuildFile; fileRef = 416E0F711A832CE00024271B /* Lioncup1.jpg */; };
		416E0F7A1A832CE00024271B /* Lioncup2.jpg in Resources */ = {isa = PBXBuildFile; fileRef = 416E0F721A832CE00024271B /* Lioncup2.jpg */; };
		416E0F7B1A832CE00024271B /* Lioness.jpg in Resources */ = {isa = PBXBuildFile; fileRef = 416E0F731A832CE00024271B /* Lioness.jpg */; };
		416E0F7C1A832CE00024271B /* MalayanTiger.jpg in Resources */ = {isa = PBXBuildFile; fileRef = 416E0F741A832CE00024271B /* MalayanTiger.jpg */; };
		416E0F7D1A832CE00024271B /* SiberianTiger.jpg in Resources */ = {isa = PBXBuildFile; fileRef = 416E0F751A832CE00024271B /* SiberianTiger.jpg */; };
/* End PBXBuildFile section */

/* Begin PBXContainerItemProxy section */
		416E0F5C1A8324C00024271B /* PBXContainerItemProxy */ = {
			isa = PBXContainerItemProxy;
			containerPortal = 416E0F3E1A8324C00024271B /* Project object */;
			proxyType = 1;
			remoteGlobalIDString = 416E0F451A8324C00024271B;
			remoteInfo = LionsAndTigers;
		};
/* End PBXContainerItemProxy section */

/* Begin PBXFileReference section */
		410B1F501A858B7F00F3FAD5 /* Lion.swift */ = {isa = PBXFileReference; fileEncoding = 4; lastKnownFileType = sourcecode.swift; path = Lion.swift; sourceTree = "<group>"; };
		410B1F521A859D4400F3FAD5 /* LionCup.swift */ = {isa = PBXFileReference; fileEncoding = 4; lastKnownFileType = sourcecode.swift; path = LionCup.swift; sourceTree = "<group>"; };
		416E0F461A8324C00024271B /* LionsAndTigers.app */ = {isa = PBXFileReference; explicitFileType = wrapper.application; includeInIndex = 0; path = LionsAndTigers.app; sourceTree = BUILT_PRODUCTS_DIR; };
		416E0F4A1A8324C00024271B /* Info.plist */ = {isa = PBXFileReference; lastKnownFileType = text.plist.xml; path = Info.plist; sourceTree = "<group>"; };
		416E0F4B1A8324C00024271B /* AppDelegate.swift */ = {isa = PBXFileReference; lastKnownFileType = sourcecode.swift; path = AppDelegate.swift; sourceTree = "<group>"; };
		416E0F4D1A8324C00024271B /* ViewController.swift */ = {isa = PBXFileReference; lastKnownFileType = sourcecode.swift; path = ViewController.swift; sourceTree = "<group>"; };
		416E0F501A8324C00024271B /* Base */ = {isa = PBXFileReference; lastKnownFileType = file.storyboard; name = Base; path = Base.lproj/Main.storyboard; sourceTree = "<group>"; };
		416E0F521A8324C00024271B /* Images.xcassets */ = {isa = PBXFileReference; lastKnownFileType = folder.assetcatalog; path = Images.xcassets; sourceTree = "<group>"; };
		416E0F551A8324C00024271B /* Base */ = {isa = PBXFileReference; lastKnownFileType = file.xib; name = Base; path = Base.lproj/LaunchScreen.xib; sourceTree = "<group>"; };
		416E0F5B1A8324C00024271B /* LionsAndTigersTests.xctest */ = {isa = PBXFileReference; explicitFileType = wrapper.cfbundle; includeInIndex = 0; path = LionsAndTigersTests.xctest; sourceTree = BUILT_PRODUCTS_DIR; };
		416E0F601A8324C00024271B /* Info.plist */ = {isa = PBXFileReference; lastKnownFileType = text.plist.xml; path = Info.plist; sourceTree = "<group>"; };
		416E0F611A8324C00024271B /* LionsAndTigersTests.swift */ = {isa = PBXFileReference; lastKnownFileType = sourcecode.swift; path = LionsAndTigersTests.swift; sourceTree = "<group>"; };
		416E0F6B1A8328C70024271B /* Tiger.swift */ = {isa = PBXFileReference; fileEncoding = 4; lastKnownFileType = sourcecode.swift; path = Tiger.swift; sourceTree = "<group>"; };
		416E0F6E1A832CE00024271B /* bengalTiger.jpg */ = {isa = PBXFileReference; lastKnownFileType = image.jpeg; path = bengalTiger.jpg; sourceTree = "<group>"; };
		416E0F6F1A832CE00024271B /* indochineseTiger.jpg */ = {isa = PBXFileReference; lastKnownFileType = image.jpeg; path = indochineseTiger.jpg; sourceTree = "<group>"; };
		416E0F701A832CE00024271B /* Lion.jpg */ = {isa = PBXFileReference; lastKnownFileType = image.jpeg; path = Lion.jpg; sourceTree = "<group>"; };
		416E0F711A832CE00024271B /* Lioncup1.jpg */ = {isa = PBXFileReference; lastKnownFileType = image.jpeg; path = Lioncup1.jpg; sourceTree = "<group>"; };
		416E0F721A832CE00024271B /* Lioncup2.jpg */ = {isa = PBXFileReference; lastKnownFileType = image.jpeg; path = Lioncup2.jpg; sourceTree = "<group>"; };
		416E0F731A832CE00024271B /* Lioness.jpg */ = {isa = PBXFileReference; lastKnownFileType = image.jpeg; path = Lioness.jpg; sourceTree = "<group>"; };
		416E0F741A832CE00024271B /* MalayanTiger.jpg */ = {isa = PBXFileReference; lastKnownFileType = image.jpeg; path = MalayanTiger.jpg; sourceTree = "<group>"; };
		416E0F751A832CE00024271B /* SiberianTiger.jpg */ = {isa = PBXFileReference; lastKnownFileType = image.jpeg; path = SiberianTiger.jpg; sourceTree = "<group>"; };
/* End PBXFileReference section */

/* Begin PBXFrameworksBuildPhase section */
		416E0F431A8324C00024271B /* Frameworks */ = {
			isa = PBXFrameworksBuildPhase;
			buildActionMask = 2147483647;
			files = (
			);
			runOnlyForDeploymentPostprocessing = 0;
		};
		416E0F581A8324C00024271B /* Frameworks */ = {
			isa = PBXFrameworksBuildPhase;
			buildActionMask = 2147483647;
			files = (
			);
			runOnlyForDeploymentPostprocessing = 0;
		};
/* End PBXFrameworksBuildPhase section */

/* Begin PBXGroup section */
		416E0F3D1A8324C00024271B = {
			isa = PBXGroup;
			children = (
				416E0F481A8324C00024271B /* LionsAndTigers */,
				416E0F5E1A8324C00024271B /* LionsAndTigersTests */,
				416E0F471A8324C00024271B /* Products */,
			);
			sourceTree = "<group>";
		};
		416E0F471A8324C00024271B /* Products */ = {
			isa = PBXGroup;
			children = (
				416E0F461A8324C00024271B /* LionsAndTigers.app */,
				416E0F5B1A8324C00024271B /* LionsAndTigersTests.xctest */,
			);
			name = Products;
			sourceTree = "<group>";
		};
		416E0F481A8324C00024271B /* LionsAndTigers */ = {
			isa = PBXGroup;
			children = (
				416E0F4B1A8324C00024271B /* AppDelegate.swift */,
				416E0F4D1A8324C00024271B /* ViewController.swift */,
				416E0F6B1A8328C70024271B /* Tiger.swift */,
				410B1F521A859D4400F3FAD5 /* LionCup.swift */,
				410B1F501A858B7F00F3FAD5 /* Lion.swift */,
				416E0F4F1A8324C00024271B /* Main.storyboard */,
				416E0F521A8324C00024271B /* Images.xcassets */,
				416E0F541A8324C00024271B /* LaunchScreen.xib */,
				416E0F491A8324C00024271B /* Supporting Files */,
			);
			path = LionsAndTigers;
			sourceTree = "<group>";
		};
		416E0F491A8324C00024271B /* Supporting Files */ = {
			isa = PBXGroup;
			children = (
				416E0F6D1A832CE00024271B /* LionsandTigersAssets */,
				416E0F4A1A8324C00024271B /* Info.plist */,
			);
			name = "Supporting Files";
			sourceTree = "<group>";
		};
		416E0F5E1A8324C00024271B /* LionsAndTigersTests */ = {
			isa = PBXGroup;
			children = (
				416E0F611A8324C00024271B /* LionsAndTigersTests.swift */,
				416E0F5F1A8324C00024271B /* Supporting Files */,
			);
			path = LionsAndTigersTests;
			sourceTree = "<group>";
		};
		416E0F5F1A8324C00024271B /* Supporting Files */ = {
			isa = PBXGroup;
			children = (
				416E0F601A8324C00024271B /* Info.plist */,
			);
			name = "Supporting Files";
			sourceTree = "<group>";
		};
		416E0F6D1A832CE00024271B /* LionsandTigersAssets */ = {
			isa = PBXGroup;
			children = (
				416E0F6E1A832CE00024271B /* bengalTiger.jpg */,
				416E0F6F1A832CE00024271B /* indochineseTiger.jpg */,
				416E0F701A832CE00024271B /* Lion.jpg */,
				416E0F711A832CE00024271B /* Lioncup1.jpg */,
				416E0F721A832CE00024271B /* Lioncup2.jpg */,
				416E0F731A832CE00024271B /* Lioness.jpg */,
				416E0F741A832CE00024271B /* MalayanTiger.jpg */,
				416E0F751A832CE00024271B /* SiberianTiger.jpg */,
			);
			path = LionsandTigersAssets;
			sourceTree = "<group>";
		};
/* End PBXGroup section */

/* Begin PBXNativeTarget section */
		416E0F451A8324C00024271B /* LionsAndTigers */ = {
			isa = PBXNativeTarget;
			buildConfigurationList = 416E0F651A8324C00024271B /* Build configuration list for PBXNativeTarget "LionsAndTigers" */;
			buildPhases = (
				416E0F421A8324C00024271B /* Sources */,
				416E0F431A8324C00024271B /* Frameworks */,
				416E0F441A8324C00024271B /* Resources */,
			);
			buildRules = (
			);
			dependencies = (
			);
			name = LionsAndTigers;
			productName = LionsAndTigers;
			productReference = 416E0F461A8324C00024271B /* LionsAndTigers.app */;
			productType = "com.apple.product-type.application";
		};
		416E0F5A1A8324C00024271B /* LionsAndTigersTests */ = {
			isa = PBXNativeTarget;
			buildConfigurationList = 416E0F681A8324C00024271B /* Build configuration list for PBXNativeTarget "LionsAndTigersTests" */;
			buildPhases = (
				416E0F571A8324C00024271B /* Sources */,
				416E0F581A8324C00024271B /* Frameworks */,
				416E0F591A8324C00024271B /* Resources */,
			);
			buildRules = (
			);
			dependencies = (
				416E0F5D1A8324C00024271B /* PBXTargetDependency */,
			);
			name = LionsAndTigersTests;
			productName = LionsAndTigersTests;
			productReference = 416E0F5B1A8324C00024271B /* LionsAndTigersTests.xctest */;
			productType = "com.apple.product-type.bundle.unit-test";
		};
/* End PBXNativeTarget section */

/* Begin PBXProject section */
		416E0F3E1A8324C00024271B /* Project object */ = {
			isa = PBXProject;
			attributes = {
				LastUpgradeCheck = 0610;
				ORGANIZATIONNAME = "Diego Perez";
				TargetAttributes = {
					416E0F451A8324C00024271B = {
						CreatedOnToolsVersion = 6.1;
					};
					416E0F5A1A8324C00024271B = {
						CreatedOnToolsVersion = 6.1;
						TestTargetID = 416E0F451A8324C00024271B;
					};
				};
			};
			buildConfigurationList = 416E0F411A8324C00024271B /* Build configuration list for PBXProject "LionsAndTigers" */;
			compatibilityVersion = "Xcode 3.2";
			developmentRegion = English;
			hasScannedForEncodings = 0;
			knownRegions = (
				en,
				Base,
			);
			mainGroup = 416E0F3D1A8324C00024271B;
			productRefGroup = 416E0F471A8324C00024271B /* Products */;
			projectDirPath = "";
			projectRoot = "";
			targets = (
				416E0F451A8324C00024271B /* LionsAndTigers */,
				416E0F5A1A8324C00024271B /* LionsAndTigersTests */,
			);
		};
/* End PBXProject section */

/* Begin PBXResourcesBuildPhase section */
		416E0F441A8324C00024271B /* Resources */ = {
			isa = PBXResourcesBuildPhase;
			buildActionMask = 2147483647;
			files = (
				416E0F771A832CE00024271B /* indochineseTiger.jpg in Resources */,
				416E0F791A832CE00024271B /* Lioncup1.jpg in Resources */,
				416E0F7B1A832CE00024271B /* Lioness.jpg in Resources */,
				416E0F511A8324C00024271B /* Main.storyboard in Resources */,
				416E0F561A8324C00024271B /* LaunchScreen.xib in Resources */,
				416E0F7C1A832CE00024271B /* MalayanTiger.jpg in Resources */,
				416E0F7D1A832CE00024271B /* SiberianTiger.jpg in Resources */,
				416E0F761A832CE00024271B /* bengalTiger.jpg in Resources */,
				416E0F531A8324C00024271B /* Images.xcassets in Resources */,
				416E0F781A832CE00024271B /* Lion.jpg in Resources */,
				416E0F7A1A832CE00024271B /* Lioncup2.jpg in Resources */,
			);
			runOnlyForDeploymentPostprocessing = 0;
		};
		416E0F591A8324C00024271B /* Resources */ = {
			isa = PBXResourcesBuildPhase;
			buildActionMask = 2147483647;
			files = (
			);
			runOnlyForDeploymentPostprocessing = 0;
		};
/* End PBXResourcesBuildPhase section */

/* Begin PBXSourcesBuildPhase section */
		416E0F421A8324C00024271B /* Sources */ = {
			isa = PBXSourcesBuildPhase;
			buildActionMask = 2147483647;
			files = (
				416E0F4E1A8324C00024271B /* ViewController.swift in Sources */,
				416E0F6C1A8328C70024271B /* Tiger.swift in Sources */,
				416E0F4C1A8324C00024271B /* AppDelegate.swift in Sources */,
				410B1F531A859D4400F3FAD5 /* LionCup.swift in Sources */,
				410B1F511A858B7F00F3FAD5 /* Lion.swift in Sources */,
			);
			runOnlyForDeploymentPostprocessing = 0;
		};
		416E0F571A8324C00024271B /* Sources */ = {
			isa = PBXSourcesBuildPhase;
			buildActionMask = 2147483647;
			files = (
				416E0F621A8324C00024271B /* LionsAndTigersTests.swift in Sources */,
			);
			runOnlyForDeploymentPostprocessing = 0;
		};
/* End PBXSourcesBuildPhase section */

/* Begin PBXTargetDependency section */
		416E0F5D1A8324C00024271B /* PBXTargetDependency */ = {
			isa = PBXTargetDependency;
			target = 416E0F451A8324C00024271B /* LionsAndTigers */;
			targetProxy = 416E0F5C1A8324C00024271B /* PBXContainerItemProxy */;
		};
/* End PBXTargetDependency section */

/* Begin PBXVariantGroup section */
		416E0F4F1A8324C00024271B /* Main.storyboard */ = {
			isa = PBXVariantGroup;
			children = (
				416E0F501A8324C00024271B /* Base */,
			);
			name = Main.storyboard;
			sourceTree = "<group>";
		};
		416E0F541A8324C00024271B /* LaunchScreen.xib */ = {
			isa = PBXVariantGroup;
			children = (
				416E0F551A8324C00024271B /* Base */,
			);
			name = LaunchScreen.xib;
			sourceTree = "<group>";
		};
/* End PBXVariantGroup section */

/* Begin XCBuildConfiguration section */
		416E0F631A8324C00024271B /* Debug */ = {
			isa = XCBuildConfiguration;
			buildSettings = {
				ALWAYS_SEARCH_USER_PATHS = NO;
				CLANG_CXX_LANGUAGE_STANDARD = "gnu++0x";
				CLANG_CXX_LIBRARY = "libc++";
				CLANG_ENABLE_MODULES = YES;
				CLANG_ENABLE_OBJC_ARC = YES;
				CLANG_WARN_BOOL_CONVERSION = YES;
				CLANG_WARN_CONSTANT_CONVERSION = YES;
				CLANG_WARN_DIRECT_OBJC_ISA_USAGE = YES_ERROR;
				CLANG_WARN_EMPTY_BODY = YES;
				CLANG_WARN_ENUM_CONVERSION = YES;
				CLANG_WARN_INT_CONVERSION = YES;
				CLANG_WARN_OBJC_ROOT_CLASS = YES_ERROR;
				CLANG_WARN_UNREACHABLE_CODE = YES;
				CLANG_WARN__DUPLICATE_METHOD_MATCH = YES;
				"CODE_SIGN_IDENTITY[sdk=iphoneos*]" = "iPhone Developer";
				COPY_PHASE_STRIP = NO;
				ENABLE_STRICT_OBJC_MSGSEND = YES;
				GCC_C_LANGUAGE_STANDARD = gnu99;
				GCC_DYNAMIC_NO_PIC = NO;
				GCC_OPTIMIZATION_LEVEL = 0;
				GCC_PREPROCESSOR_DEFINITIONS = (
					"DEBUG=1",
					"$(inherited)",
				);
				GCC_SYMBOLS_PRIVATE_EXTERN = NO;
				GCC_WARN_64_TO_32_BIT_CONVERSION = YES;
				GCC_WARN_ABOUT_RETURN_TYPE = YES_ERROR;
				GCC_WARN_UNDECLARED_SELECTOR = YES;
				GCC_WARN_UNINITIALIZED_AUTOS = YES_AGGRESSIVE;
				GCC_WARN_UNUSED_FUNCTION = YES;
				GCC_WARN_UNUSED_VARIABLE = YES;
				IPHONEOS_DEPLOYMENT_TARGET = 8.1;
				MTL_ENABLE_DEBUG_INFO = YES;
				ONLY_ACTIVE_ARCH = YES;
				SDKROOT = iphoneos;
				SWIFT_OPTIMIZATION_LEVEL = "-Onone";
				TARGETED_DEVICE_FAMILY = "1,2";
			};
			name = Debug;
		};
		416E0F641A8324C00024271B /* Release */ = {
			isa = XCBuildConfiguration;
			buildSettings = {
				ALWAYS_SEARCH_USER_PATHS = NO;
				CLANG_CXX_LANGUAGE_STANDARD = "gnu++0x";
				CLANG_CXX_LIBRARY = "libc++";
				CLANG_ENABLE_MODULES = YES;
				CLANG_ENABLE_OBJC_ARC = YES;
				CLANG_WARN_BOOL_CONVERSION = YES;
				CLANG_WARN_CONSTANT_CONVERSION = YES;
				CLANG_WARN_DIRECT_OBJC_ISA_USAGE = YES_ERROR;
				CLANG_WARN_EMPTY_BODY = YES;
				CLANG_WARN_ENUM_CONVERSION = YES;
				CLANG_WARN_INT_CONVERSION = YES;
				CLANG_WARN_OBJC_ROOT_CLASS = YES_ERROR;
				CLANG_WARN_UNREACHABLE_CODE = YES;
				CLANG_WARN__DUPLICATE_METHOD_MATCH = YES;
				"CODE_SIGN_IDENTITY[sdk=iphoneos*]" = "iPhone Developer";
				COPY_PHASE_STRIP = YES;
				ENABLE_NS_ASSERTIONS = NO;
				ENABLE_STRICT_OBJC_MSGSEND = YES;
				GCC_C_LANGUAGE_STANDARD = gnu99;
				GCC_WARN_64_TO_32_BIT_CONVERSION = YES;
				GCC_WARN_ABOUT_RETURN_TYPE = YES_ERROR;
				GCC_WARN_UNDECLARED_SELECTOR = YES;
				GCC_WARN_UNINITIALIZED_AUTOS = YES_AGGRESSIVE;
				GCC_WARN_UNUSED_FUNCTION = YES;
				GCC_WARN_UNUSED_VARIABLE = YES;
				IPHONEOS_DEPLOYMENT_TARGET = 8.1;
				MTL_ENABLE_DEBUG_INFO = NO;
				SDKROOT = iphoneos;
				TARGETED_DEVICE_FAMILY = "1,2";
				VALIDATE_PRODUCT = YES;
			};
			name = Release;
		};
		416E0F661A8324C00024271B /* Debug */ = {
			isa = XCBuildConfiguration;
			buildSettings = {
				ASSETCATALOG_COMPILER_APPICON_NAME = AppIcon;
				INFOPLIST_FILE = LionsAndTigers/Info.plist;
				LD_RUNPATH_SEARCH_PATHS = "$(inherited) @executable_path/Frameworks";
				PRODUCT_NAME = "$(TARGET_NAME)";
			};
			name = Debug;
		};
		416E0F671A8324C00024271B /* Release */ = {
			isa = XCBuildConfiguration;
			buildSettings = {
				ASSETCATALOG_COMPILER_APPICON_NAME = AppIcon;
				INFOPLIST_FILE = LionsAndTigers/Info.plist;
				LD_RUNPATH_SEARCH_PATHS = "$(inherited) @executable_path/Frameworks";
				PRODUCT_NAME = "$(TARGET_NAME)";
			};
			name = Release;
		};
		416E0F691A8324C00024271B /* Debug */ = {
			isa = XCBuildConfiguration;
			buildSettings = {
				BUNDLE_LOADER = "$(TEST_HOST)";
				FRAMEWORK_SEARCH_PATHS = (
					"$(SDKROOT)/Developer/Library/Frameworks",
					"$(inherited)",
				);
				GCC_PREPROCESSOR_DEFINITIONS = (
					"DEBUG=1",
					"$(inherited)",
				);
				INFOPLIST_FILE = LionsAndTigersTests/Info.plist;
				LD_RUNPATH_SEARCH_PATHS = "$(inherited) @executable_path/Frameworks @loader_path/Frameworks";
				PRODUCT_NAME = "$(TARGET_NAME)";
				TEST_HOST = "$(BUILT_PRODUCTS_DIR)/LionsAndTigers.app/LionsAndTigers";
			};
			name = Debug;
		};
		416E0F6A1A8324C00024271B /* Release */ = {
			isa = XCBuildConfiguration;
			buildSettings = {
				BUNDLE_LOADER = "$(TEST_HOST)";
				FRAMEWORK_SEARCH_PATHS = (
					"$(SDKROOT)/Developer/Library/Frameworks",
					"$(inherited)",
				);
				INFOPLIST_FILE = LionsAndTigersTests/Info.plist;
				LD_RUNPATH_SEARCH_PATHS = "$(inherited) @executable_path/Frameworks @loader_path/Frameworks";
				PRODUCT_NAME = "$(TARGET_NAME)";
				TEST_HOST = "$(BUILT_PRODUCTS_DIR)/LionsAndTigers.app/LionsAndTigers";
			};
			name = Release;
		};
/* End XCBuildConfiguration section */

/* Begin XCConfigurationList section */
		416E0F411A8324C00024271B /* Build configuration list for PBXProject "LionsAndTigers" */ = {
			isa = XCConfigurationList;
			buildConfigurations = (
				416E0F631A8324C00024271B /* Debug */,
				416E0F641A8324C00024271B /* Release */,
			);
			defaultConfigurationIsVisible = 0;
			defaultConfigurationName = Release;
		};
		416E0F651A8324C00024271B /* Build configuration list for PBXNativeTarget "LionsAndTigers" */ = {
			isa = XCConfigurationList;
			buildConfigurations = (
				416E0F661A8324C00024271B /* Debug */,
				416E0F671A8324C00024271B /* Release */,
			);
			defaultConfigurationIsVisible = 0;
			defaultConfigurationName = Release;
		};
		416E0F681A8324C00024271B /* Build configuration list for PBXNativeTarget "LionsAndTigersTests" */ = {
			isa = XCConfigurationList;
			buildConfigurations = (
				416E0F691A8324C00024271B /* Debug */,
				416E0F6A1A8324C00024271B /* Release */,
			);
			defaultConfigurationIsVisible = 0;
			defaultConfigurationName = Release;
		};
/* End XCConfigurationList section */
	};
	rootObject = 416E0F3E1A8324C00024271B /* Project object */;
}
